
Microsoft Visual Studio Solution File, Format Version 12.00
# Visual Studio Version 17
VisualStudioVersion = 17.10.35122.118
MinimumVisualStudioVersion = 10.0.40219.1
Project("{9A19103F-16F7-4668-BE54-9A1E7A4F7556}") = "Canva", "Canva\Canva.csproj", "{CDEACD09-19C0-41ED-B30A-4429F7455A78}"
EndProject
Project("{9A19103F-16F7-4668-BE54-9A1E7A4F7556}") = "MotionEngine", "MotionEngine\MotionEngine.csproj", "{BC334D31-AB41-4C67-A74D-0F3FDA3CEA8D}"
EndProject
Project("{9A19103F-16F7-4668-BE54-9A1E7A4F7556}") = "ThreeView", "ThreeView\ThreeView.csproj", "{D83F9F08-492C-4C7F-9C8C-144242EE8BF7}"
EndProject
Global
	GlobalSection(SolutionConfigurationPlatforms) = preSolution
		Debug|Any CPU = Debug|Any CPU
		Release|Any CPU = Release|Any CPU
	EndGlobalSection
	GlobalSection(ProjectConfigurationPlatforms) = postSolution
		{CDEACD09-19C0-41ED-B30A-4429F7455A78}.Debug|Any CPU.ActiveCfg = Debug|Any CPU
		{CDEACD09-19C0-41ED-B30A-4429F7455A78}.Debug|Any CPU.Build.0 = Debug|Any CPU
		{CDEACD09-19C0-41ED-B30A-4429F7455A78}.Release|Any CPU.ActiveCfg = Release|Any CPU
		{CDEACD09-19C0-41ED-B30A-4429F7455A78}.Release|Any CPU.Build.0 = Release|Any CPU
		{BC334D31-AB41-4C67-A74D-0F3FDA3CEA8D}.Debug|Any CPU.ActiveCfg = Debug|Any CPU
		{BC334D31-AB41-4C67-A74D-0F3FDA3CEA8D}.Debug|Any CPU.Build.0 = Debug|Any CPU
		{BC334D31-AB41-4C67-A74D-0F3FDA3CEA8D}.Release|Any CPU.ActiveCfg = Release|Any CPU
		{BC334D31-AB41-4C67-A74D-0F3FDA3CEA8D}.Release|Any CPU.Build.0 = Release|Any CPU
		{D83F9F08-492C-4C7F-9C8C-144242EE8BF7}.Debug|Any CPU.ActiveCfg = Debug|Any CPU
		{D83F9F08-492C-4C7F-9C8C-144242EE8BF7}.Debug|Any CPU.Build.0 = Debug|Any CPU
		{D83F9F08-492C-4C7F-9C8C-144242EE8BF7}.Release|Any CPU.ActiveCfg = Release|Any CPU
		{D83F9F08-492C-4C7F-9C8C-144242EE8BF7}.Release|Any CPU.Build.0 = Release|Any CPU
	EndGlobalSection
	GlobalSection(SolutionProperties) = preSolution
		HideSolutionNode = FALSE
	EndGlobalSection
	GlobalSection(ExtensibilityGlobals) = postSolution
		SolutionGuid = {169B25CF-2722-4D63-98C3-56A216FFCFCA}
	EndGlobalSection
EndGlobal
